// !$*UTF8*$!
{
	archiveVersion = 1;
	classes = {
	};
	objectVersion = 50;
	objects = {

/* Begin PBXBuildFile section */
		7D8F151A24FC4C3700C47389 /* AppDelegate.swift in Sources */ = {isa = PBXBuildFile; fileRef = 7D8F151924FC4C3700C47389 /* AppDelegate.swift */; };
		7D8F151C24FC4C3700C47389 /* SceneDelegate.swift in Sources */ = {isa = PBXBuildFile; fileRef = 7D8F151B24FC4C3700C47389 /* SceneDelegate.swift */; };
		7D8F151E24FC4C3700C47389 /* ViewController.swift in Sources */ = {isa = PBXBuildFile; fileRef = 7D8F151D24FC4C3700C47389 /* ViewController.swift */; };
		7D8F152124FC4C3700C47389 /* Main.storyboard in Resources */ = {isa = PBXBuildFile; fileRef = 7D8F151F24FC4C3700C47389 /* Main.storyboard */; };
		7D8F152324FC4C3800C47389 /* Assets.xcassets in Resources */ = {isa = PBXBuildFile; fileRef = 7D8F152224FC4C3800C47389 /* Assets.xcassets */; };
		7D8F152624FC4C3800C47389 /* LaunchScreen.storyboard in Resources */ = {isa = PBXBuildFile; fileRef = 7D8F152424FC4C3800C47389 /* LaunchScreen.storyboard */; };
		7D8F152E24FC4D7E00C47389 /* cachorro.png in Resources */ = {isa = PBXBuildFile; fileRef = 7D8F152D24FC4D7E00C47389 /* cachorro.png */; };
/* End PBXBuildFile section */

/* Begin PBXFileReference section */
		7D8F151624FC4C3700C47389 /* idade de cachorro.app */ = {isa = PBXFileReference; explicitFileType = wrapper.application; includeInIndex = 0; path = "idade de cachorro.app"; sourceTree = BUILT_PRODUCTS_DIR; };
		7D8F151924FC4C3700C47389 /* AppDelegate.swift */ = {isa = PBXFileReference; lastKnownFileType = sourcecode.swift; path = AppDelegate.swift; sourceTree = "<group>"; };
		7D8F151B24FC4C3700C47389 /* SceneDelegate.swift */ = {isa = PBXFileReference; lastKnownFileType = sourcecode.swift; path = SceneDelegate.swift; sourceTree = "<group>"; };
		7D8F151D24FC4C3700C47389 /* ViewController.swift */ = {isa = PBXFileReference; lastKnownFileType = sourcecode.swift; path = ViewController.swift; sourceTree = "<group>"; };
		7D8F152024FC4C3700C47389 /* Base */ = {isa = PBXFileReference; lastKnownFileType = file.storyboard; name = Base; path = Base.lproj/Main.storyboard; sourceTree = "<group>"; };
		7D8F152224FC4C3800C47389 /* Assets.xcassets */ = {isa = PBXFileReference; lastKnownFileType = folder.assetcatalog; path = Assets.xcassets; sourceTree = "<group>"; };
		7D8F152524FC4C3800C47389 /* Base */ = {isa = PBXFileReference; lastKnownFileType = file.storyboard; name = Base; path = Base.lproj/LaunchScreen.storyboard; sourceTree = "<group>"; };
		7D8F152724FC4C3800C47389 /* Info.plist */ = {isa = PBXFileReference; lastKnownFileType = text.plist.xml; path = Info.plist; sourceTree = "<group>"; };
		7D8F152D24FC4D7E00C47389 /* cachorro.png */ = {isa = PBXFileReference; lastKnownFileType = image.png; path = cachorro.png; sourceTree = "<group>"; };
/* End PBXFileReference section */

/* Begin PBXFrameworksBuildPhase section */
		7D8F151324FC4C3700C47389 /* Frameworks */ = {
			isa = PBXFrameworksBuildPhase;
			buildActionMask = 2147483647;
			files = (
			);
			runOnlyForDeploymentPostprocessing = 0;
		};
/* End PBXFrameworksBuildPhase section */

/* Begin PBXGroup section */
		7D8F150D24FC4C3700C47389 = {
			isa = PBXGroup;
			children = (
				7D8F151824FC4C3700C47389 /* idade de cachorro */,
				7D8F151724FC4C3700C47389 /* Products */,
			);
			sourceTree = "<group>";
		};
		7D8F151724FC4C3700C47389 /* Products */ = {
			isa = PBXGroup;
			children = (
				7D8F151624FC4C3700C47389 /* idade de cachorro.app */,
			);
			name = Products;
			sourceTree = "<group>";
		};
		7D8F151824FC4C3700C47389 /* idade de cachorro */ = {
			isa = PBXGroup;
			children = (
				7D8F152D24FC4D7E00C47389 /* cachorro.png */,
				7D8F151924FC4C3700C47389 /* AppDelegate.swift */,
				7D8F151B24FC4C3700C47389 /* SceneDelegate.swift */,
				7D8F151D24FC4C3700C47389 /* ViewController.swift */,
				7D8F151F24FC4C3700C47389 /* Main.storyboard */,
				7D8F152224FC4C3800C47389 /* Assets.xcassets */,
				7D8F152424FC4C3800C47389 /* LaunchScreen.storyboard */,
				7D8F152724FC4C3800C47389 /* Info.plist */,
			);
			path = "idade de cachorro";
			sourceTree = "<group>";
		};
/* End PBXGroup section */

/* Begin PBXNativeTarget section */
		7D8F151524FC4C3700C47389 /* idade de cachorro */ = {
			isa = PBXNativeTarget;
			buildConfigurationList = 7D8F152A24FC4C3800C47389 /* Build configuration list for PBXNativeTarget "idade de cachorro" */;
			buildPhases = (
				7D8F151224FC4C3700C47389 /* Sources */,
				7D8F151324FC4C3700C47389 /* Frameworks */,
				7D8F151424FC4C3700C47389 /* Resources */,
			);
			buildRules = (
			);
			dependencies = (
			);
			name = "idade de cachorro";
			productName = "idade de cachorro";
			productReference = 7D8F151624FC4C3700C47389 /* idade de cachorro.app */;
			productType = "com.apple.product-type.application";
		};
/* End PBXNativeTarget section */

/* Begin PBXProject section */
		7D8F150E24FC4C3700C47389 /* Project object */ = {
			isa = PBXProject;
			attributes = {
				LastSwiftUpdateCheck = 1160;
				LastUpgradeCheck = 1160;
				ORGANIZATIONNAME = "Paloma Matos";
				TargetAttributes = {
					7D8F151524FC4C3700C47389 = {
						CreatedOnToolsVersion = 11.6;
					};
				};
			};
			buildConfigurationList = 7D8F151124FC4C3700C47389 /* Build configuration list for PBXProject "idade de cachorro" */;
			compatibilityVersion = "Xcode 9.3";
			developmentRegion = en;
			hasScannedForEncodings = 0;
			knownRegions = (
				en,
				Base,
			);
			mainGroup = 7D8F150D24FC4C3700C47389;
			productRefGroup = 7D8F151724FC4C3700C47389 /* Products */;
			projectDirPath = "";
			projectRoot = "";
			targets = (
				7D8F151524FC4C3700C47389 /* idade de cachorro */,
			);
		};
/* End PBXProject section */

/* Begin PBXResourcesBuildPhase section */
		7D8F151424FC4C3700C47389 /* Resources */ = {
			isa = PBXResourcesBuildPhase;
			buildActionMask = 2147483647;
			files = (
				7D8F152E24FC4D7E00C47389 /* cachorro.png in Resources */,
				7D8F152624FC4C3800C47389 /* LaunchScreen.storyboard in Resources */,
				7D8F152324FC4C3800C47389 /* Assets.xcassets in Resources */,
				7D8F152124FC4C3700C47389 /* Main.storyboard in Resources */,
			);
			runOnlyForDeploymentPostprocessing = 0;
		};
/* End PBXResourcesBuildPhase section */

/* Begin PBXSourcesBuildPhase section */
		7D8F151224FC4C3700C47389 /* Sources */ = {
			isa = PBXSourcesBuildPhase;
			buildActionMask = 2147483647;
			files = (
				7D8F151E24FC4C3700C47389 /* ViewController.swift in Sources */,
				7D8F151A24FC4C3700C47389 /* AppDelegate.swift in Sources */,
				7D8F151C24FC4C3700C47389 /* SceneDelegate.swift in Sources */,
			);
			runOnlyForDeploymentPostprocessing = 0;
		};
/* End PBXSourcesBuildPhase section */

/* Begin PBXVariantGroup section */
		7D8F151F24FC4C3700C47389 /* Main.storyboard */ = {
			isa = PBXVariantGroup;
			children = (
				7D8F152024FC4C3700C47389 /* Base */,
			);
			name = Main.storyboard;
			sourceTree = "<group>";
		};
		7D8F152424FC4C3800C47389 /* LaunchScreen.storyboard */ = {
			isa = PBXVariantGroup;
			children = (
				7D8F152524FC4C3800C47389 /* Base */,
			);
			name = LaunchScreen.storyboard;
			sourceTree = "<group>";
		};
/* End PBXVariantGroup section */

/* Begin XCBuildConfiguration section */
		7D8F152824FC4C3800C47389 /* Debug */ = {
			isa = XCBuildConfiguration;
			buildSettings = {
				ALWAYS_SEARCH_USER_PATHS = NO;
				CLANG_ANALYZER_NONNULL = YES;
				CLANG_ANALYZER_NUMBER_OBJECT_CONVERSION = YES_AGGRESSIVE;
				CLANG_CXX_LANGUAGE_STANDARD = "gnu++14";
				CLANG_CXX_LIBRARY = "libc++";
				CLANG_ENABLE_MODULES = YES;
				CLANG_ENABLE_OBJC_ARC = YES;
				CLANG_ENABLE_OBJC_WEAK = YES;
				CLANG_WARN_BLOCK_CAPTURE_AUTORELEASING = YES;
				CLANG_WARN_BOOL_CONVERSION = YES;
				CLANG_WARN_COMMA = YES;
				CLANG_WARN_CONSTANT_CONVERSION = YES;
				CLANG_WARN_DEPRECATED_OBJC_IMPLEMENTATIONS = YES;
				CLANG_WARN_DIRECT_OBJC_ISA_USAGE = YES_ERROR;
				CLANG_WARN_DOCUMENTATION_COMMENTS = YES;
				CLANG_WARN_EMPTY_BODY = YES;
				CLANG_WARN_ENUM_CONVERSION = YES;
				CLANG_WARN_INFINITE_RECURSION = YES;
				CLANG_WARN_INT_CONVERSION = YES;
				CLANG_WARN_NON_LITERAL_NULL_CONVERSION = YES;
				CLANG_WARN_OBJC_IMPLICIT_RETAIN_SELF = YES;
				CLANG_WARN_OBJC_LITERAL_CONVERSION = YES;
				CLANG_WARN_OBJC_ROOT_CLASS = YES_ERROR;
				CLANG_WARN_RANGE_LOOP_ANALYSIS = YES;
				CLANG_WARN_STRICT_PROTOTYPES = YES;
				CLANG_WARN_SUSPICIOUS_MOVE = YES;
				CLANG_WARN_UNGUARDED_AVAILABILITY = YES_AGGRESSIVE;
				CLANG_WARN_UNREACHABLE_CODE = YES;
				CLANG_WARN__DUPLICATE_METHOD_MATCH = YES;
				COPY_PHASE_STRIP = NO;
				DEBUG_INFORMATION_FORMAT = dwarf;
				ENABLE_STRICT_OBJC_MSGSEND = YES;
				ENABLE_TESTABILITY = YES;
				GCC_C_LANGUAGE_STANDARD = gnu11;
				GCC_DYNAMIC_NO_PIC = NO;
				GCC_NO_COMMON_BLOCKS = YES;
				GCC_OPTIMIZATION_LEVEL = 0;
				GCC_PREPROCESSOR_DEFINITIONS = (
					"DEBUG=1",
					"$(inherited)",
				);
				GCC_WARN_64_TO_32_BIT_CONVERSION = YES;
				GCC_WARN_ABOUT_RETURN_TYPE = YES_ERROR;
				GCC_WARN_UNDECLARED_SELECTOR = YES;
				GCC_WARN_UNINITIALIZED_AUTOS = YES_AGGRESSIVE;
				GCC_WARN_UNUSED_FUNCTION = YES;
				GCC_WARN_UNUSED_VARIABLE = YES;
				IPHONEOS_DEPLOYMENT_TARGET = 13.6;
				MTL_ENABLE_DEBUG_INFO = INCLUDE_SOURCE;
				MTL_FAST_MATH = YES;
				ONLY_ACTIVE_ARCH = YES;
				SDKROOT = iphoneos;
				SWIFT_ACTIVE_COMPILATION_CONDITIONS = DEBUG;
				SWIFT_OPTIMIZATION_LEVEL = "-Onone";
			};
			name = Debug;
		};
		7D8F152924FC4C3800C47389 /* Release */ = {
			isa = XCBuildConfiguration;
			buildSettings = {
				ALWAYS_SEARCH_USER_PATHS = NO;
				CLANG_ANALYZER_NONNULL = YES;
				CLANG_ANALYZER_NUMBER_OBJECT_CONVERSION = YES_AGGRESSIVE;
				CLANG_CXX_LANGUAGE_STANDARD = "gnu++14";
				CLANG_CXX_LIBRARY = "libc++";
				CLANG_ENABLE_MODULES = YES;
				CLANG_ENABLE_OBJC_ARC = YES;
				CLANG_ENABLE_OBJC_WEAK = YES;
				CLANG_WARN_BLOCK_CAPTURE_AUTORELEASING = YES;
				CLANG_WARN_BOOL_CONVERSION = YES;
				CLANG_WARN_COMMA = YES;
				CLANG_WARN_CONSTANT_CONVERSION = YES;
				CLANG_WARN_DEPRECATED_OBJC_IMPLEMENTATIONS = YES;
				CLANG_WARN_DIRECT_OBJC_ISA_USAGE = YES_ERROR;
				CLANG_WARN_DOCUMENTATION_COMMENTS = YES;
				CLANG_WARN_EMPTY_BODY = YES;
				CLANG_WARN_ENUM_CONVERSION = YES;
				CLANG_WARN_INFINITE_RECURSION = YES;
				CLANG_WARN_INT_CONVERSION = YES;
				CLANG_WARN_NON_LITERAL_NULL_CONVERSION = YES;
				CLANG_WARN_OBJC_IMPLICIT_RETAIN_SELF = YES;
				CLANG_WARN_OBJC_LITERAL_CONVERSION = YES;
				CLANG_WARN_OBJC_ROOT_CLASS = YES_ERROR;
				CLANG_WARN_RANGE_LOOP_ANALYSIS = YES;
				CLANG_WARN_STRICT_PROTOTYPES = YES;
				CLANG_WARN_SUSPICIOUS_MOVE = YES;
				CLANG_WARN_UNGUARDED_AVAILABILITY = YES_AGGRESSIVE;
				CLANG_WARN_UNREACHABLE_CODE = YES;
				CLANG_WARN__DUPLICATE_METHOD_MATCH = YES;
				COPY_PHASE_STRIP = NO;
				DEBUG_INFORMATION_FORMAT = "dwarf-with-dsym";
				ENABLE_NS_ASSERTIONS = NO;
				ENABLE_STRICT_OBJC_MSGSEND = YES;
				GCC_C_LANGUAGE_STANDARD = gnu11;
				GCC_NO_COMMON_BLOCKS = YES;
				GCC_WARN_64_TO_32_BIT_CONVERSION = YES;
				GCC_WARN_ABOUT_RETURN_TYPE = YES_ERROR;
				GCC_WARN_UNDECLARED_SELECTOR = YES;
				GCC_WARN_UNINITIALIZED_AUTOS = YES_AGGRESSIVE;
				GCC_WARN_UNUSED_FUNCTION = YES;
				GCC_WARN_UNUSED_VARIABLE = YES;
				IPHONEOS_DEPLOYMENT_TARGET = 13.6;
				MTL_ENABLE_DEBUG_INFO = NO;
				MTL_FAST_MATH = YES;
				SDKROOT = iphoneos;
				SWIFT_COMPILATION_MODE = wholemodule;
				SWIFT_OPTIMIZATION_LEVEL = "-O";
				VALIDATE_PRODUCT = YES;
			};
			name = Release;
		};
		7D8F152B24FC4C3800C47389 /* Debug */ = {
			isa = XCBuildConfiguration;
			buildSettings = {
				ASSETCATALOG_COMPILER_APPICON_NAME = AppIcon;
				CODE_SIGN_STYLE = Automatic;
				INFOPLIST_FILE = "idade de cachorro/Info.plist";
				LD_RUNPATH_SEARCH_PATHS = (
					"$(inherited)",
					"@executable_path/Frameworks",
				);
				PRODUCT_BUNDLE_IDENTIFIER = "paloma.matos.idade-de-cachorro";
				PRODUCT_NAME = "$(TARGET_NAME)";
				SWIFT_VERSION = 5.0;
				TARGETED_DEVICE_FAMILY = "1,2";
			};
			name = Debug;
		};
		7D8F152C24FC4C3800C47389 /* Release */ = {
			isa = XCBuildConfiguration;
			buildSettings = {
				ASSETCATALOG_COMPILER_APPICON_NAME = AppIcon;
				CODE_SIGN_STYLE = Automatic;
				INFOPLIST_FILE = "idade de cachorro/Info.plist";
				LD_RUNPATH_SEARCH_PATHS = (
					"$(inherited)",
					"@executable_path/Frameworks",
				);
				PRODUCT_BUNDLE_IDENTIFIER = "paloma.matos.idade-de-cachorro";
				PRODUCT_NAME = "$(TARGET_NAME)";
				SWIFT_VERSION = 5.0;
				TARGETED_DEVICE_FAMILY = "1,2";
			};
			name = Release;
		};
/* End XCBuildConfiguration section */

/* Begin XCConfigurationList section */
		7D8F151124FC4C3700C47389 /* Build configuration list for PBXProject "idade de cachorro" */ = {
			isa = XCConfigurationList;
			buildConfigurations = (
				7D8F152824FC4C3800C47389 /* Debug */,
				7D8F152924FC4C3800C47389 /* Release */,
			);
			defaultConfigurationIsVisible = 0;
			defaultConfigurationName = Release;
		};
		7D8F152A24FC4C3800C47389 /* Build configuration list for PBXNativeTarget "idade de cachorro" */ = {
			isa = XCConfigurationList;
			buildConfigurations = (
				7D8F152B24FC4C3800C47389 /* Debug */,
				7D8F152C24FC4C3800C47389 /* Release */,
			);
			defaultConfigurationIsVisible = 0;
			defaultConfigurationName = Release;
		};
/* End XCConfigurationList section */
	};
	rootObject = 7D8F150E24FC4C3700C47389 /* Project object */;
}
